
Microsoft Visual Studio Solution File, Format Version 12.00
# Visual Studio Version 17
VisualStudioVersion = 17.3.32929.385
MinimumVisualStudioVersion = 10.0.40219.1
Project("{FAE04EC0-301F-11D3-BF4B-00C04F79EFBC}") = "EntityFramework", "EntityFramework\EntityFramework.csproj", "{AE2B9852-69B5-4AC6-8534-DB8549467E90}"
EndProject
Global
	GlobalSection(SolutionConfigurationPlatforms) = preSolution
		Debug|Any CPU = Debug|Any CPU
		Release|Any CPU = Release|Any CPU
	EndGlobalSection
	GlobalSection(ProjectConfigurationPlatforms) = postSolution
		{AE2B9852-69B5-4AC6-8534-DB8549467E90}.Debug|Any CPU.ActiveCfg = Debug|Any CPU
		{AE2B9852-69B5-4AC6-8534-DB8549467E90}.Debug|Any CPU.Build.0 = Debug|Any CPU
		{AE2B9852-69B5-4AC6-8534-DB8549467E90}.Release|Any CPU.ActiveCfg = Release|Any CPU
		{AE2B9852-69B5-4AC6-8534-DB8549467E90}.Release|Any CPU.Build.0 = Release|Any CPU
	EndGlobalSection
	GlobalSection(SolutionProperties) = preSolution
		HideSolutionNode = FALSE
	EndGlobalSection
	GlobalSection(ExtensibilityGlobals) = postSolution
		SolutionGuid = {4EFA21DD-2C34-4A7B-88CD-BCA7953E73D5}
	EndGlobalSection
EndGlobal
